{
  "object": {
    "pins": [
      {
        "package": "CryptoSwift",
        "repositoryURL": "https://github.com/GoodNotes/CryptoSwift.git",
        "state": {
          "branch": "swiftwasm-support",
          "revision": "a8bc733bc578312b1a507da3417f92d311e3143d",
          "version": null
        }
      },
      {
        "package": "Compute",
        "repositoryURL": "https://github.com/AndrewBarba/swift-compute-runtime",
        "state": {
          "branch": "main",
          "revision": "9ef53204b51c48ed4fdcc995cd93d40ef8199293",
          "version": null
        }
      },
      {
        "package": "swift-crypto",
        "repositoryURL": "https://github.com/apple/swift-crypto",
        "state": {
          "branch": null,
          "revision": "33a20e650c33f6d72d822d558333f2085effa3dc",
          "version": "2.5.0"
        }
      }
    ]
  },
  "version": 1
}
